// !$*UTF8*$!
{
	archiveVersion = 1;
	classes = {
	};
	objectVersion = 55;
	objects = {

/* Begin PBXBuildFile section */
		5E53E6A029C0E6C7007634A4 /* RegularTaskTableViewCell.swift in Sources */ = {isa = PBXBuildFile; fileRef = 5E53E69E29C0E6C6007634A4 /* RegularTaskTableViewCell.swift */; };
		5E53E6A129C0E6C7007634A4 /* ImportantTaskTableViewCell.swift in Sources */ = {isa = PBXBuildFile; fileRef = 5E53E69F29C0E6C6007634A4 /* ImportantTaskTableViewCell.swift */; };
		5E53E6A629C0E7D6007634A4 /* ConfigurableTableCell.swift in Sources */ = {isa = PBXBuildFile; fileRef = 5E53E6A529C0E7D6007634A4 /* ConfigurableTableCell.swift */; };
		5E53E6A929C0E7E9007634A4 /* UITableView+Extension.swift in Sources */ = {isa = PBXBuildFile; fileRef = 5E53E6A729C0E7E9007634A4 /* UITableView+Extension.swift */; };
		5E53E6AA29C0E7E9007634A4 /* UIView+Extension.swift in Sources */ = {isa = PBXBuildFile; fileRef = 5E53E6A829C0E7E9007634A4 /* UIView+Extension.swift */; };
		5EB995AF29BC26740046FA0C /* .gitignore in Resources */ = {isa = PBXBuildFile; fileRef = 5EB995AE29BC26740046FA0C /* .gitignore */; };
		8563F4A829A4E2C80006C378 /* AppDelegate.swift in Sources */ = {isa = PBXBuildFile; fileRef = 8563F4A729A4E2C80006C378 /* AppDelegate.swift */; };
		8563F4AA29A4E2C80006C378 /* SceneDelegate.swift in Sources */ = {isa = PBXBuildFile; fileRef = 8563F4A929A4E2C80006C378 /* SceneDelegate.swift */; };
		8563F4AC29A4E2C80006C378 /* LoginViewController.swift in Sources */ = {isa = PBXBuildFile; fileRef = 8563F4AB29A4E2C80006C378 /* LoginViewController.swift */; };
		8563F4AF29A4E2C80006C378 /* Main.storyboard in Resources */ = {isa = PBXBuildFile; fileRef = 8563F4AD29A4E2C80006C378 /* Main.storyboard */; };
		8563F4B129A4E2C90006C378 /* Assets.xcassets in Resources */ = {isa = PBXBuildFile; fileRef = 8563F4B029A4E2C90006C378 /* Assets.xcassets */; };
		8563F4B429A4E2C90006C378 /* LaunchScreen.storyboard in Resources */ = {isa = PBXBuildFile; fileRef = 8563F4B229A4E2C90006C378 /* LaunchScreen.storyboard */; };
		8563F4BC29A4EBBF0006C378 /* LoginModels.swift in Sources */ = {isa = PBXBuildFile; fileRef = 8563F4BB29A4EBBF0006C378 /* LoginModels.swift */; };
		8563F4BF29A4EDFD0006C378 /* LoginInteractor.swift in Sources */ = {isa = PBXBuildFile; fileRef = 8563F4BE29A4EDFD0006C378 /* LoginInteractor.swift */; };
		8563F4C129A4EEB90006C378 /* LoginWorker.swift in Sources */ = {isa = PBXBuildFile; fileRef = 8563F4C029A4EEB90006C378 /* LoginWorker.swift */; };
		8563F4C329A4EED00006C378 /* LoginPresenter.swift in Sources */ = {isa = PBXBuildFile; fileRef = 8563F4C229A4EED00006C378 /* LoginPresenter.swift */; };
		8563F4C629A4FAFC0006C378 /* TasksViewController.swift in Sources */ = {isa = PBXBuildFile; fileRef = 8563F4C529A4FAFC0006C378 /* TasksViewController.swift */; };
		8563F4C829A4FB210006C378 /* TasksModel.swift in Sources */ = {isa = PBXBuildFile; fileRef = 8563F4C729A4FB210006C378 /* TasksModel.swift */; };
		8563F4CA29A4FB400006C378 /* TasksInteractor.swift in Sources */ = {isa = PBXBuildFile; fileRef = 8563F4C929A4FB400006C378 /* TasksInteractor.swift */; };
		8563F4CC29A4FB520006C378 /* TasksWorker.swift in Sources */ = {isa = PBXBuildFile; fileRef = 8563F4CB29A4FB520006C378 /* TasksWorker.swift */; };
		8563F4CE29A4FB600006C378 /* TasksPresenter.swift in Sources */ = {isa = PBXBuildFile; fileRef = 8563F4CD29A4FB600006C378 /* TasksPresenter.swift */; };
		8563F4D029A508750006C378 /* MainRouter.swift in Sources */ = {isa = PBXBuildFile; fileRef = 8563F4CF29A508750006C378 /* MainRouter.swift */; };
		8563F4D929A510100006C378 /* Repository.swift in Sources */ = {isa = PBXBuildFile; fileRef = 8563F4D629A510100006C378 /* Repository.swift */; };
		8563F4DD29A511420006C378 /* SectionsAdapter.swift in Sources */ = {isa = PBXBuildFile; fileRef = 8563F4DC29A511420006C378 /* SectionsAdapter.swift */; };
		8563F4E729A666870006C378 /* TasksDependenciesBuilder.swift in Sources */ = {isa = PBXBuildFile; fileRef = 8563F4E629A666870006C378 /* TasksDependenciesBuilder.swift */; };
		8563F4E929A6ACFB0006C378 /* README.md in Resources */ = {isa = PBXBuildFile; fileRef = 8563F4E829A6ACFB0006C378 /* README.md */; };
		85E0C13029C4463100E8A29B /* ToDoListBusinessLogic in Frameworks */ = {isa = PBXBuildFile; productRef = 85E0C12F29C4463100E8A29B /* ToDoListBusinessLogic */; };
/* End PBXBuildFile section */

/* Begin PBXFileReference section */
		5E53E69E29C0E6C6007634A4 /* RegularTaskTableViewCell.swift */ = {isa = PBXFileReference; fileEncoding = 4; lastKnownFileType = sourcecode.swift; path = RegularTaskTableViewCell.swift; sourceTree = "<group>"; };
		5E53E69F29C0E6C6007634A4 /* ImportantTaskTableViewCell.swift */ = {isa = PBXFileReference; fileEncoding = 4; lastKnownFileType = sourcecode.swift; path = ImportantTaskTableViewCell.swift; sourceTree = "<group>"; };
		5E53E6A529C0E7D6007634A4 /* ConfigurableTableCell.swift */ = {isa = PBXFileReference; fileEncoding = 4; lastKnownFileType = sourcecode.swift; path = ConfigurableTableCell.swift; sourceTree = "<group>"; };
		5E53E6A729C0E7E9007634A4 /* UITableView+Extension.swift */ = {isa = PBXFileReference; fileEncoding = 4; lastKnownFileType = sourcecode.swift; path = "UITableView+Extension.swift"; sourceTree = "<group>"; };
		5E53E6A829C0E7E9007634A4 /* UIView+Extension.swift */ = {isa = PBXFileReference; fileEncoding = 4; lastKnownFileType = sourcecode.swift; path = "UIView+Extension.swift"; sourceTree = "<group>"; };
		5EB995AE29BC26740046FA0C /* .gitignore */ = {isa = PBXFileReference; fileEncoding = 4; lastKnownFileType = text; path = .gitignore; sourceTree = "<group>"; };
		8563F4A729A4E2C80006C378 /* AppDelegate.swift */ = {isa = PBXFileReference; lastKnownFileType = sourcecode.swift; path = AppDelegate.swift; sourceTree = "<group>"; };
		8563F4A929A4E2C80006C378 /* SceneDelegate.swift */ = {isa = PBXFileReference; lastKnownFileType = sourcecode.swift; path = SceneDelegate.swift; sourceTree = "<group>"; };
		8563F4AB29A4E2C80006C378 /* LoginViewController.swift */ = {isa = PBXFileReference; lastKnownFileType = sourcecode.swift; path = LoginViewController.swift; sourceTree = "<group>"; };
		8563F4AE29A4E2C80006C378 /* Base */ = {isa = PBXFileReference; lastKnownFileType = file.storyboard; name = Base; path = Base.lproj/Main.storyboard; sourceTree = "<group>"; };
		8563F4B029A4E2C90006C378 /* Assets.xcassets */ = {isa = PBXFileReference; lastKnownFileType = folder.assetcatalog; path = Assets.xcassets; sourceTree = "<group>"; };
		8563F4B329A4E2C90006C378 /* Base */ = {isa = PBXFileReference; lastKnownFileType = file.storyboard; name = Base; path = Base.lproj/LaunchScreen.storyboard; sourceTree = "<group>"; };
		8563F4B529A4E2C90006C378 /* Info.plist */ = {isa = PBXFileReference; lastKnownFileType = text.plist.xml; path = Info.plist; sourceTree = "<group>"; };
		8563F4BB29A4EBBF0006C378 /* LoginModels.swift */ = {isa = PBXFileReference; lastKnownFileType = sourcecode.swift; path = LoginModels.swift; sourceTree = "<group>"; };
		8563F4BE29A4EDFD0006C378 /* LoginInteractor.swift */ = {isa = PBXFileReference; lastKnownFileType = sourcecode.swift; path = LoginInteractor.swift; sourceTree = "<group>"; };
		8563F4C029A4EEB90006C378 /* LoginWorker.swift */ = {isa = PBXFileReference; lastKnownFileType = sourcecode.swift; path = LoginWorker.swift; sourceTree = "<group>"; };
		8563F4C229A4EED00006C378 /* LoginPresenter.swift */ = {isa = PBXFileReference; lastKnownFileType = sourcecode.swift; path = LoginPresenter.swift; sourceTree = "<group>"; };
		8563F4C529A4FAFC0006C378 /* TasksViewController.swift */ = {isa = PBXFileReference; lastKnownFileType = sourcecode.swift; path = TasksViewController.swift; sourceTree = "<group>"; };
		8563F4C729A4FB210006C378 /* TasksModel.swift */ = {isa = PBXFileReference; lastKnownFileType = sourcecode.swift; path = TasksModel.swift; sourceTree = "<group>"; };
		8563F4C929A4FB400006C378 /* TasksInteractor.swift */ = {isa = PBXFileReference; lastKnownFileType = sourcecode.swift; path = TasksInteractor.swift; sourceTree = "<group>"; };
		8563F4CB29A4FB520006C378 /* TasksWorker.swift */ = {isa = PBXFileReference; lastKnownFileType = sourcecode.swift; path = TasksWorker.swift; sourceTree = "<group>"; };
		8563F4CD29A4FB600006C378 /* TasksPresenter.swift */ = {isa = PBXFileReference; lastKnownFileType = sourcecode.swift; path = TasksPresenter.swift; sourceTree = "<group>"; };
		8563F4CF29A508750006C378 /* MainRouter.swift */ = {isa = PBXFileReference; lastKnownFileType = sourcecode.swift; path = MainRouter.swift; sourceTree = "<group>"; };
		8563F4D629A510100006C378 /* Repository.swift */ = {isa = PBXFileReference; fileEncoding = 4; lastKnownFileType = sourcecode.swift; path = Repository.swift; sourceTree = "<group>"; };
		8563F4DC29A511420006C378 /* SectionsAdapter.swift */ = {isa = PBXFileReference; fileEncoding = 4; lastKnownFileType = sourcecode.swift; path = SectionsAdapter.swift; sourceTree = "<group>"; };
		8563F4E629A666870006C378 /* TasksDependenciesBuilder.swift */ = {isa = PBXFileReference; lastKnownFileType = sourcecode.swift; path = TasksDependenciesBuilder.swift; sourceTree = "<group>"; };
		8563F4E829A6ACFB0006C378 /* README.md */ = {isa = PBXFileReference; fileEncoding = 4; lastKnownFileType = net.daringfireball.markdown; path = README.md; sourceTree = "<group>"; };
		85E0C12D29C445E300E8A29B /* ToDoListBusinessLogic */ = {isa = PBXFileReference; lastKnownFileType = wrapper; path = ToDoListBusinessLogic; sourceTree = "<group>"; };
		85E0C13129C44B0200E8A29B /* ToDoListCleanSwift.app */ = {isa = PBXFileReference; explicitFileType = wrapper.application; includeInIndex = 0; path = ToDoListCleanSwift.app; sourceTree = BUILT_PRODUCTS_DIR; };
/* End PBXFileReference section */

/* Begin PBXFrameworksBuildPhase section */
		8563F4A129A4E2C80006C378 /* Frameworks */ = {
			isa = PBXFrameworksBuildPhase;
			buildActionMask = 2147483647;
			files = (
				85E0C13029C4463100E8A29B /* ToDoListBusinessLogic in Frameworks */,
			);
			runOnlyForDeploymentPostprocessing = 0;
		};
/* End PBXFrameworksBuildPhase section */

/* Begin PBXGroup section */
		5E53E6A229C0E78E007634A4 /* CommonFiles */ = {
			isa = PBXGroup;
			children = (
				5E53E6A329C0E797007634A4 /* Extensions */,
				5E53E6A429C0E7A0007634A4 /* Protocols */,
			);
			path = CommonFiles;
			sourceTree = "<group>";
		};
		5E53E6A329C0E797007634A4 /* Extensions */ = {
			isa = PBXGroup;
			children = (
				5E53E6A729C0E7E9007634A4 /* UITableView+Extension.swift */,
				5E53E6A829C0E7E9007634A4 /* UIView+Extension.swift */,
			);
			path = Extensions;
			sourceTree = "<group>";
		};
		5E53E6A429C0E7A0007634A4 /* Protocols */ = {
			isa = PBXGroup;
			children = (
				5E53E6A529C0E7D6007634A4 /* ConfigurableTableCell.swift */,
			);
			path = Protocols;
			sourceTree = "<group>";
		};
		8563F49B29A4E2C80006C378 = {
			isa = PBXGroup;
			children = (
				85E0C12C29C445E300E8A29B /* Packages */,
				8563F4E829A6ACFB0006C378 /* README.md */,
				5EB995AE29BC26740046FA0C /* .gitignore */,
				8563F4A629A4E2C80006C378 /* ToDoListCleanSwift */,
				85E0C12E29C4463100E8A29B /* Frameworks */,
				85E0C13129C44B0200E8A29B /* ToDoListCleanSwift.app */,
			);
			sourceTree = "<group>";
		};
		8563F4A629A4E2C80006C378 /* ToDoListCleanSwift */ = {
			isa = PBXGroup;
			children = (
				5E53E6A229C0E78E007634A4 /* CommonFiles */,
				8563F4A729A4E2C80006C378 /* AppDelegate.swift */,
				8563F4A929A4E2C80006C378 /* SceneDelegate.swift */,
				8563F4CF29A508750006C378 /* MainRouter.swift */,
				8563F4BD29A4EC780006C378 /* LoginScene */,
				8563F4C429A4F9EC0006C378 /* TasksScene */,
				8563F4AD29A4E2C80006C378 /* Main.storyboard */,
				8563F4B029A4E2C90006C378 /* Assets.xcassets */,
				8563F4B229A4E2C90006C378 /* LaunchScreen.storyboard */,
				8563F4B529A4E2C90006C378 /* Info.plist */,
			);
			path = ToDoListCleanSwift;
			sourceTree = "<group>";
		};
		8563F4BD29A4EC780006C378 /* LoginScene */ = {
			isa = PBXGroup;
			children = (
				8563F4AB29A4E2C80006C378 /* LoginViewController.swift */,
				8563F4BB29A4EBBF0006C378 /* LoginModels.swift */,
				8563F4BE29A4EDFD0006C378 /* LoginInteractor.swift */,
				8563F4C029A4EEB90006C378 /* LoginWorker.swift */,
				8563F4C229A4EED00006C378 /* LoginPresenter.swift */,
			);
			path = LoginScene;
			sourceTree = "<group>";
		};
		8563F4C429A4F9EC0006C378 /* TasksScene */ = {
			isa = PBXGroup;
			children = (
				8563F4C529A4FAFC0006C378 /* TasksViewController.swift */,
				8563F4C729A4FB210006C378 /* TasksModel.swift */,
				8563F4C929A4FB400006C378 /* TasksInteractor.swift */,
				8563F4CB29A4FB520006C378 /* TasksWorker.swift */,
				8563F4CD29A4FB600006C378 /* TasksPresenter.swift */,
				8563F4DE29A511AB0006C378 /* Managers */,
				8563F4E529A65A000006C378 /* Cells */,
			);
			path = TasksScene;
			sourceTree = "<group>";
		};
		8563F4DE29A511AB0006C378 /* Managers */ = {
			isa = PBXGroup;
			children = (
				8563F4D629A510100006C378 /* Repository.swift */,
				8563F4DC29A511420006C378 /* SectionsAdapter.swift */,
				8563F4E629A666870006C378 /* TasksDependenciesBuilder.swift */,
			);
			path = Managers;
			sourceTree = "<group>";
		};
		8563F4E529A65A000006C378 /* Cells */ = {
			isa = PBXGroup;
			children = (
				5E53E69F29C0E6C6007634A4 /* ImportantTaskTableViewCell.swift */,
				5E53E69E29C0E6C6007634A4 /* RegularTaskTableViewCell.swift */,
			);
			path = Cells;
			sourceTree = "<group>";
		};
		85E0C12C29C445E300E8A29B /* Packages */ = {
			isa = PBXGroup;
			children = (
				85E0C12D29C445E300E8A29B /* ToDoListBusinessLogic */,
			);
			name = Packages;
			sourceTree = "<group>";
		};
		85E0C12E29C4463100E8A29B /* Frameworks */ = {
			isa = PBXGroup;
			children = (
			);
			name = Frameworks;
			sourceTree = "<group>";
		};
/* End PBXGroup section */

/* Begin PBXNativeTarget section */
		8563F4A329A4E2C80006C378 /* ToDoListCleanSwift */ = {
			isa = PBXNativeTarget;
			buildConfigurationList = 8563F4B829A4E2C90006C378 /* Build configuration list for PBXNativeTarget "ToDoListCleanSwift" */;
			buildPhases = (
				8563F4A029A4E2C80006C378 /* Sources */,
				8563F4A129A4E2C80006C378 /* Frameworks */,
				8563F4A229A4E2C80006C378 /* Resources */,
				8574F0D729C6FAD700EC3A8B /* ShellScript */,
			);
			buildRules = (
			);
			dependencies = (
			);
			name = ToDoListCleanSwift;
			packageProductDependencies = (
				85E0C12F29C4463100E8A29B /* ToDoListBusinessLogic */,
			);
			productName = ToDoListCleanSwift;
			productReference = 85E0C13129C44B0200E8A29B /* ToDoListCleanSwift.app */;
			productType = "com.apple.product-type.application";
		};
/* End PBXNativeTarget section */

/* Begin PBXProject section */
		8563F49C29A4E2C80006C378 /* Project object */ = {
			isa = PBXProject;
			attributes = {
				BuildIndependentTargetsInParallel = 1;
				LastSwiftUpdateCheck = 1420;
				LastUpgradeCheck = 1420;
				TargetAttributes = {
					8563F4A329A4E2C80006C378 = {
						CreatedOnToolsVersion = 14.2;
					};
				};
			};
			buildConfigurationList = 8563F49F29A4E2C80006C378 /* Build configuration list for PBXProject "ToDoListCleanSwift" */;
			compatibilityVersion = "Xcode 13.0";
			developmentRegion = en;
			hasScannedForEncodings = 0;
			knownRegions = (
				en,
				Base,
			);
			mainGroup = 8563F49B29A4E2C80006C378;
			productRefGroup = 8563F49B29A4E2C80006C378;
			projectDirPath = "";
			projectRoot = "";
			targets = (
				8563F4A329A4E2C80006C378 /* ToDoListCleanSwift */,
			);
		};
/* End PBXProject section */

/* Begin PBXResourcesBuildPhase section */
		8563F4A229A4E2C80006C378 /* Resources */ = {
			isa = PBXResourcesBuildPhase;
			buildActionMask = 2147483647;
			files = (
				5EB995AF29BC26740046FA0C /* .gitignore in Resources */,
				8563F4B429A4E2C90006C378 /* LaunchScreen.storyboard in Resources */,
				8563F4B129A4E2C90006C378 /* Assets.xcassets in Resources */,
				8563F4E929A6ACFB0006C378 /* README.md in Resources */,
				8563F4AF29A4E2C80006C378 /* Main.storyboard in Resources */,
			);
			runOnlyForDeploymentPostprocessing = 0;
		};
/* End PBXResourcesBuildPhase section */

/* Begin PBXShellScriptBuildPhase section */
		8574F0D729C6FAD700EC3A8B /* ShellScript */ = {
			isa = PBXShellScriptBuildPhase;
			buildActionMask = 2147483647;
			files = (
			);
			inputFileListPaths = (
			);
			inputPaths = (
			);
			outputFileListPaths = (
			);
			outputPaths = (
			);
			runOnlyForDeploymentPostprocessing = 0;
			shellPath = /bin/sh;
			shellScript = "if test -d \"/opt/homebrew/bin/\"; then\n  PATH=\"/opt/homebrew/bin/:${PATH}\"\nfi\n\nexport PATH\n\nif which swiftlint >/dev/null; then\n\tswiftlint\nelse\n\techo \"warning: Swiftlint not installed, download from https://github.com/realm/Swiftlint\"\nfi\n";
		};
/* End PBXShellScriptBuildPhase section */

/* Begin PBXSourcesBuildPhase section */
		8563F4A029A4E2C80006C378 /* Sources */ = {
			isa = PBXSourcesBuildPhase;
			buildActionMask = 2147483647;
			files = (
				8563F4AC29A4E2C80006C378 /* LoginViewController.swift in Sources */,
				5E53E6A029C0E6C7007634A4 /* RegularTaskTableViewCell.swift in Sources */,
				8563F4CA29A4FB400006C378 /* TasksInteractor.swift in Sources */,
				8563F4C629A4FAFC0006C378 /* TasksViewController.swift in Sources */,
				8563F4CC29A4FB520006C378 /* TasksWorker.swift in Sources */,
				8563F4BC29A4EBBF0006C378 /* LoginModels.swift in Sources */,
				8563F4D029A508750006C378 /* MainRouter.swift in Sources */,
				5E53E6A129C0E6C7007634A4 /* ImportantTaskTableViewCell.swift in Sources */,
				8563F4C829A4FB210006C378 /* TasksModel.swift in Sources */,
				8563F4C329A4EED00006C378 /* LoginPresenter.swift in Sources */,
				8563F4E729A666870006C378 /* TasksDependenciesBuilder.swift in Sources */,
				8563F4A829A4E2C80006C378 /* AppDelegate.swift in Sources */,
				8563F4BF29A4EDFD0006C378 /* LoginInteractor.swift in Sources */,
				8563F4DD29A511420006C378 /* SectionsAdapter.swift in Sources */,
				8563F4D929A510100006C378 /* Repository.swift in Sources */,
				8563F4CE29A4FB600006C378 /* TasksPresenter.swift in Sources */,
				5E53E6A929C0E7E9007634A4 /* UITableView+Extension.swift in Sources */,
				5E53E6AA29C0E7E9007634A4 /* UIView+Extension.swift in Sources */,
				5E53E6A629C0E7D6007634A4 /* ConfigurableTableCell.swift in Sources */,
				8563F4AA29A4E2C80006C378 /* SceneDelegate.swift in Sources */,
				8563F4C129A4EEB90006C378 /* LoginWorker.swift in Sources */,
			);
			runOnlyForDeploymentPostprocessing = 0;
		};
/* End PBXSourcesBuildPhase section */

/* Begin PBXVariantGroup section */
		8563F4AD29A4E2C80006C378 /* Main.storyboard */ = {
			isa = PBXVariantGroup;
			children = (
				8563F4AE29A4E2C80006C378 /* Base */,
			);
			name = Main.storyboard;
			sourceTree = "<group>";
		};
		8563F4B229A4E2C90006C378 /* LaunchScreen.storyboard */ = {
			isa = PBXVariantGroup;
			children = (
				8563F4B329A4E2C90006C378 /* Base */,
			);
			name = LaunchScreen.storyboard;
			sourceTree = "<group>";
		};
/* End PBXVariantGroup section */

/* Begin XCBuildConfiguration section */
		8563F4B629A4E2C90006C378 /* Debug */ = {
			isa = XCBuildConfiguration;
			buildSettings = {
				ALWAYS_SEARCH_USER_PATHS = NO;
				CLANG_ANALYZER_NONNULL = YES;
				CLANG_ANALYZER_NUMBER_OBJECT_CONVERSION = YES_AGGRESSIVE;
				CLANG_CXX_LANGUAGE_STANDARD = "gnu++20";
				CLANG_ENABLE_MODULES = YES;
				CLANG_ENABLE_OBJC_ARC = YES;
				CLANG_ENABLE_OBJC_WEAK = YES;
				CLANG_WARN_BLOCK_CAPTURE_AUTORELEASING = YES;
				CLANG_WARN_BOOL_CONVERSION = YES;
				CLANG_WARN_COMMA = YES;
				CLANG_WARN_CONSTANT_CONVERSION = YES;
				CLANG_WARN_DEPRECATED_OBJC_IMPLEMENTATIONS = YES;
				CLANG_WARN_DIRECT_OBJC_ISA_USAGE = YES_ERROR;
				CLANG_WARN_DOCUMENTATION_COMMENTS = YES;
				CLANG_WARN_EMPTY_BODY = YES;
				CLANG_WARN_ENUM_CONVERSION = YES;
				CLANG_WARN_INFINITE_RECURSION = YES;
				CLANG_WARN_INT_CONVERSION = YES;
				CLANG_WARN_NON_LITERAL_NULL_CONVERSION = YES;
				CLANG_WARN_OBJC_IMPLICIT_RETAIN_SELF = YES;
				CLANG_WARN_OBJC_LITERAL_CONVERSION = YES;
				CLANG_WARN_OBJC_ROOT_CLASS = YES_ERROR;
				CLANG_WARN_QUOTED_INCLUDE_IN_FRAMEWORK_HEADER = YES;
				CLANG_WARN_RANGE_LOOP_ANALYSIS = YES;
				CLANG_WARN_STRICT_PROTOTYPES = YES;
				CLANG_WARN_SUSPICIOUS_MOVE = YES;
				CLANG_WARN_UNGUARDED_AVAILABILITY = YES_AGGRESSIVE;
				CLANG_WARN_UNREACHABLE_CODE = YES;
				CLANG_WARN__DUPLICATE_METHOD_MATCH = YES;
				COPY_PHASE_STRIP = NO;
				DEBUG_INFORMATION_FORMAT = dwarf;
				ENABLE_STRICT_OBJC_MSGSEND = YES;
				ENABLE_TESTABILITY = YES;
				GCC_C_LANGUAGE_STANDARD = gnu11;
				GCC_DYNAMIC_NO_PIC = NO;
				GCC_NO_COMMON_BLOCKS = YES;
				GCC_OPTIMIZATION_LEVEL = 0;
				GCC_PREPROCESSOR_DEFINITIONS = (
					"DEBUG=1",
					"$(inherited)",
				);
				GCC_WARN_64_TO_32_BIT_CONVERSION = YES;
				GCC_WARN_ABOUT_RETURN_TYPE = YES_ERROR;
				GCC_WARN_UNDECLARED_SELECTOR = YES;
				GCC_WARN_UNINITIALIZED_AUTOS = YES_AGGRESSIVE;
				GCC_WARN_UNUSED_FUNCTION = YES;
				GCC_WARN_UNUSED_VARIABLE = YES;
				IPHONEOS_DEPLOYMENT_TARGET = 15.2;
				MTL_ENABLE_DEBUG_INFO = INCLUDE_SOURCE;
				MTL_FAST_MATH = YES;
				ONLY_ACTIVE_ARCH = YES;
				SDKROOT = iphoneos;
				SWIFT_ACTIVE_COMPILATION_CONDITIONS = DEBUG;
				SWIFT_OPTIMIZATION_LEVEL = "-Onone";
			};
			name = Debug;
		};
		8563F4B729A4E2C90006C378 /* Release */ = {
			isa = XCBuildConfiguration;
			buildSettings = {
				ALWAYS_SEARCH_USER_PATHS = NO;
				CLANG_ANALYZER_NONNULL = YES;
				CLANG_ANALYZER_NUMBER_OBJECT_CONVERSION = YES_AGGRESSIVE;
				CLANG_CXX_LANGUAGE_STANDARD = "gnu++20";
				CLANG_ENABLE_MODULES = YES;
				CLANG_ENABLE_OBJC_ARC = YES;
				CLANG_ENABLE_OBJC_WEAK = YES;
				CLANG_WARN_BLOCK_CAPTURE_AUTORELEASING = YES;
				CLANG_WARN_BOOL_CONVERSION = YES;
				CLANG_WARN_COMMA = YES;
				CLANG_WARN_CONSTANT_CONVERSION = YES;
				CLANG_WARN_DEPRECATED_OBJC_IMPLEMENTATIONS = YES;
				CLANG_WARN_DIRECT_OBJC_ISA_USAGE = YES_ERROR;
				CLANG_WARN_DOCUMENTATION_COMMENTS = YES;
				CLANG_WARN_EMPTY_BODY = YES;
				CLANG_WARN_ENUM_CONVERSION = YES;
				CLANG_WARN_INFINITE_RECURSION = YES;
				CLANG_WARN_INT_CONVERSION = YES;
				CLANG_WARN_NON_LITERAL_NULL_CONVERSION = YES;
				CLANG_WARN_OBJC_IMPLICIT_RETAIN_SELF = YES;
				CLANG_WARN_OBJC_LITERAL_CONVERSION = YES;
				CLANG_WARN_OBJC_ROOT_CLASS = YES_ERROR;
				CLANG_WARN_QUOTED_INCLUDE_IN_FRAMEWORK_HEADER = YES;
				CLANG_WARN_RANGE_LOOP_ANALYSIS = YES;
				CLANG_WARN_STRICT_PROTOTYPES = YES;
				CLANG_WARN_SUSPICIOUS_MOVE = YES;
				CLANG_WARN_UNGUARDED_AVAILABILITY = YES_AGGRESSIVE;
				CLANG_WARN_UNREACHABLE_CODE = YES;
				CLANG_WARN__DUPLICATE_METHOD_MATCH = YES;
				COPY_PHASE_STRIP = NO;
				DEBUG_INFORMATION_FORMAT = "dwarf-with-dsym";
				ENABLE_NS_ASSERTIONS = NO;
				ENABLE_STRICT_OBJC_MSGSEND = YES;
				GCC_C_LANGUAGE_STANDARD = gnu11;
				GCC_NO_COMMON_BLOCKS = YES;
				GCC_WARN_64_TO_32_BIT_CONVERSION = YES;
				GCC_WARN_ABOUT_RETURN_TYPE = YES_ERROR;
				GCC_WARN_UNDECLARED_SELECTOR = YES;
				GCC_WARN_UNINITIALIZED_AUTOS = YES_AGGRESSIVE;
				GCC_WARN_UNUSED_FUNCTION = YES;
				GCC_WARN_UNUSED_VARIABLE = YES;
				IPHONEOS_DEPLOYMENT_TARGET = 15.2;
				MTL_ENABLE_DEBUG_INFO = NO;
				MTL_FAST_MATH = YES;
				SDKROOT = iphoneos;
				SWIFT_COMPILATION_MODE = wholemodule;
				SWIFT_OPTIMIZATION_LEVEL = "-O";
				VALIDATE_PRODUCT = YES;
			};
			name = Release;
		};
		8563F4B929A4E2C90006C378 /* Debug */ = {
			isa = XCBuildConfiguration;
			buildSettings = {
				ASSETCATALOG_COMPILER_APPICON_NAME = AppIcon;
				ASSETCATALOG_COMPILER_GLOBAL_ACCENT_COLOR_NAME = AccentColor;
				CODE_SIGN_STYLE = Automatic;
				CURRENT_PROJECT_VERSION = 1;
				DEVELOPMENT_TEAM = G2VF2J7D53;
				GENERATE_INFOPLIST_FILE = YES;
				INFOPLIST_FILE = ToDoListCleanSwift/Info.plist;
				INFOPLIST_KEY_UIApplicationSupportsIndirectInputEvents = YES;
				INFOPLIST_KEY_UILaunchStoryboardName = LaunchScreen;
				INFOPLIST_KEY_UIMainStoryboardFile = Main;
				INFOPLIST_KEY_UISupportedInterfaceOrientations = "UIInterfaceOrientationPortrait UIInterfaceOrientationPortraitUpsideDown";
				INFOPLIST_KEY_UISupportedInterfaceOrientations_iPad = "UIInterfaceOrientationLandscapeLeft UIInterfaceOrientationLandscapeRight UIInterfaceOrientationPortrait UIInterfaceOrientationPortraitUpsideDown";
				IPHONEOS_DEPLOYMENT_TARGET = 15.2;
				LD_RUNPATH_SEARCH_PATHS = (
					"$(inherited)",
					"@executable_path/Frameworks",
				);
				MARKETING_VERSION = 1.0;
				PRODUCT_BUNDLE_IDENTIFIER = com.evgeniMeleshin.ToDoListCS;
				PRODUCT_NAME = "$(TARGET_NAME)";
				SWIFT_EMIT_LOC_STRINGS = YES;
				SWIFT_VERSION = 5.0;
				TARGETED_DEVICE_FAMILY = "1,2";
			};
			name = Debug;
		};
		8563F4BA29A4E2C90006C378 /* Release */ = {
			isa = XCBuildConfiguration;
			buildSettings = {
				ASSETCATALOG_COMPILER_APPICON_NAME = AppIcon;
				ASSETCATALOG_COMPILER_GLOBAL_ACCENT_COLOR_NAME = AccentColor;
				CODE_SIGN_STYLE = Automatic;
				CURRENT_PROJECT_VERSION = 1;
				DEVELOPMENT_TEAM = G2VF2J7D53;
				GENERATE_INFOPLIST_FILE = YES;
				INFOPLIST_FILE = ToDoListCleanSwift/Info.plist;
				INFOPLIST_KEY_UIApplicationSupportsIndirectInputEvents = YES;
				INFOPLIST_KEY_UILaunchStoryboardName = LaunchScreen;
				INFOPLIST_KEY_UIMainStoryboardFile = Main;
				INFOPLIST_KEY_UISupportedInterfaceOrientations = "UIInterfaceOrientationPortrait UIInterfaceOrientationPortraitUpsideDown";
				INFOPLIST_KEY_UISupportedInterfaceOrientations_iPad = "UIInterfaceOrientationLandscapeLeft UIInterfaceOrientationLandscapeRight UIInterfaceOrientationPortrait UIInterfaceOrientationPortraitUpsideDown";
				IPHONEOS_DEPLOYMENT_TARGET = 15.2;
				LD_RUNPATH_SEARCH_PATHS = (
					"$(inherited)",
					"@executable_path/Frameworks",
				);
				MARKETING_VERSION = 1.0;
				PRODUCT_BUNDLE_IDENTIFIER = com.evgeniMeleshin.ToDoListCS;
				PRODUCT_NAME = "$(TARGET_NAME)";
				SWIFT_EMIT_LOC_STRINGS = YES;
				SWIFT_VERSION = 5.0;
				TARGETED_DEVICE_FAMILY = "1,2";
			};
			name = Release;
		};
/* End XCBuildConfiguration section */

/* Begin XCConfigurationList section */
		8563F49F29A4E2C80006C378 /* Build configuration list for PBXProject "ToDoListCleanSwift" */ = {
			isa = XCConfigurationList;
			buildConfigurations = (
				8563F4B629A4E2C90006C378 /* Debug */,
				8563F4B729A4E2C90006C378 /* Release */,
			);
			defaultConfigurationIsVisible = 0;
			defaultConfigurationName = Release;
		};
		8563F4B829A4E2C90006C378 /* Build configuration list for PBXNativeTarget "ToDoListCleanSwift" */ = {
			isa = XCConfigurationList;
			buildConfigurations = (
				8563F4B929A4E2C90006C378 /* Debug */,
				8563F4BA29A4E2C90006C378 /* Release */,
			);
			defaultConfigurationIsVisible = 0;
			defaultConfigurationName = Release;
		};
/* End XCConfigurationList section */

/* Begin XCSwiftPackageProductDependency section */
		85E0C12F29C4463100E8A29B /* ToDoListBusinessLogic */ = {
			isa = XCSwiftPackageProductDependency;
			productName = ToDoListBusinessLogic;
		};
/* End XCSwiftPackageProductDependency section */
	};
	rootObject = 8563F49C29A4E2C80006C378 /* Project object */;
}
