// !$*UTF8*$!
{
	archiveVersion = 1;
	classes = {
	};
	objectVersion = 55;
	objects = {

/* Begin PBXBuildFile section */
		5AA0193629CEA9ED0086B68E /* LoginWorkerTests.swift in Sources */ = {isa = PBXBuildFile; fileRef = 5AA0193529CEA9ED0086B68E /* LoginWorkerTests.swift */; };
		5E04735229CFEFB80076F1D0 /* LoginInteractorTests.swift in Sources */ = {isa = PBXBuildFile; fileRef = 5E04735129CFEFB80076F1D0 /* LoginInteractorTests.swift */; };
		5E04735429CFF1220076F1D0 /* LoginWorkerSpy.swift in Sources */ = {isa = PBXBuildFile; fileRef = 5E04735329CFF1220076F1D0 /* LoginWorkerSpy.swift */; };
		5E04735629CFF17B0076F1D0 /* LoginPresenterSpy.swift in Sources */ = {isa = PBXBuildFile; fileRef = 5E04735529CFF17B0076F1D0 /* LoginPresenterSpy.swift */; };
		5E04735829D012250076F1D0 /* LoginViewControllerSpy.swift in Sources */ = {isa = PBXBuildFile; fileRef = 5E04735729D012250076F1D0 /* LoginViewControllerSpy.swift */; };
		5E04735A29D012740076F1D0 /* LoginPresenterTests.swift in Sources */ = {isa = PBXBuildFile; fileRef = 5E04735929D012740076F1D0 /* LoginPresenterTests.swift */; };
		5E0E1B5C29CDC156004B70B2 /* RepositoryTests.swift in Sources */ = {isa = PBXBuildFile; fileRef = 5E0E1B5B29CDC156004B70B2 /* RepositoryTests.swift */; };
		5E53E6A029C0E6C7007634A4 /* RegularTaskTableViewCell.swift in Sources */ = {isa = PBXBuildFile; fileRef = 5E53E69E29C0E6C6007634A4 /* RegularTaskTableViewCell.swift */; };
		5E53E6A129C0E6C7007634A4 /* ImportantTaskTableViewCell.swift in Sources */ = {isa = PBXBuildFile; fileRef = 5E53E69F29C0E6C6007634A4 /* ImportantTaskTableViewCell.swift */; };
		5E53E6A629C0E7D6007634A4 /* ConfigurableTableCell.swift in Sources */ = {isa = PBXBuildFile; fileRef = 5E53E6A529C0E7D6007634A4 /* ConfigurableTableCell.swift */; };
		5E53E6A929C0E7E9007634A4 /* UITableView+Extension.swift in Sources */ = {isa = PBXBuildFile; fileRef = 5E53E6A729C0E7E9007634A4 /* UITableView+Extension.swift */; };
		5E53E6AA29C0E7E9007634A4 /* UIView+Extension.swift in Sources */ = {isa = PBXBuildFile; fileRef = 5E53E6A829C0E7E9007634A4 /* UIView+Extension.swift */; };
		5E7E0F5329C58E3400BD13F4 /* TaskManagerSpy.swift in Sources */ = {isa = PBXBuildFile; fileRef = 5E7E0F5229C58E3400BD13F4 /* TaskManagerSpy.swift */; };
		5E7E0F5529C58E6800BD13F4 /* SectionAdapterTests.swift in Sources */ = {isa = PBXBuildFile; fileRef = 5E7E0F5429C58E6800BD13F4 /* SectionAdapterTests.swift */; };
		5EB995AF29BC26740046FA0C /* .gitignore in Resources */ = {isa = PBXBuildFile; fileRef = 5EB995AE29BC26740046FA0C /* .gitignore */; };
		8563F4A829A4E2C80006C378 /* AppDelegate.swift in Sources */ = {isa = PBXBuildFile; fileRef = 8563F4A729A4E2C80006C378 /* AppDelegate.swift */; };
		8563F4AA29A4E2C80006C378 /* SceneDelegate.swift in Sources */ = {isa = PBXBuildFile; fileRef = 8563F4A929A4E2C80006C378 /* SceneDelegate.swift */; };
		8563F4AC29A4E2C80006C378 /* LoginViewController.swift in Sources */ = {isa = PBXBuildFile; fileRef = 8563F4AB29A4E2C80006C378 /* LoginViewController.swift */; };
		8563F4AF29A4E2C80006C378 /* Main.storyboard in Resources */ = {isa = PBXBuildFile; fileRef = 8563F4AD29A4E2C80006C378 /* Main.storyboard */; };
		8563F4B129A4E2C90006C378 /* Assets.xcassets in Resources */ = {isa = PBXBuildFile; fileRef = 8563F4B029A4E2C90006C378 /* Assets.xcassets */; };
		8563F4B429A4E2C90006C378 /* LaunchScreen.storyboard in Resources */ = {isa = PBXBuildFile; fileRef = 8563F4B229A4E2C90006C378 /* LaunchScreen.storyboard */; };
		8563F4BC29A4EBBF0006C378 /* LoginModels.swift in Sources */ = {isa = PBXBuildFile; fileRef = 8563F4BB29A4EBBF0006C378 /* LoginModels.swift */; };
		8563F4BF29A4EDFD0006C378 /* LoginInteractor.swift in Sources */ = {isa = PBXBuildFile; fileRef = 8563F4BE29A4EDFD0006C378 /* LoginInteractor.swift */; };
		8563F4C129A4EEB90006C378 /* LoginWorker.swift in Sources */ = {isa = PBXBuildFile; fileRef = 8563F4C029A4EEB90006C378 /* LoginWorker.swift */; };
		8563F4C329A4EED00006C378 /* LoginPresenter.swift in Sources */ = {isa = PBXBuildFile; fileRef = 8563F4C229A4EED00006C378 /* LoginPresenter.swift */; };
		8563F4C629A4FAFC0006C378 /* TasksViewController.swift in Sources */ = {isa = PBXBuildFile; fileRef = 8563F4C529A4FAFC0006C378 /* TasksViewController.swift */; };
		8563F4C829A4FB210006C378 /* TasksModel.swift in Sources */ = {isa = PBXBuildFile; fileRef = 8563F4C729A4FB210006C378 /* TasksModel.swift */; };
		8563F4CA29A4FB400006C378 /* TasksInteractor.swift in Sources */ = {isa = PBXBuildFile; fileRef = 8563F4C929A4FB400006C378 /* TasksInteractor.swift */; };
		8563F4CC29A4FB520006C378 /* TasksWorker.swift in Sources */ = {isa = PBXBuildFile; fileRef = 8563F4CB29A4FB520006C378 /* TasksWorker.swift */; };
		8563F4CE29A4FB600006C378 /* TasksPresenter.swift in Sources */ = {isa = PBXBuildFile; fileRef = 8563F4CD29A4FB600006C378 /* TasksPresenter.swift */; };
		8563F4D029A508750006C378 /* MainRouter.swift in Sources */ = {isa = PBXBuildFile; fileRef = 8563F4CF29A508750006C378 /* MainRouter.swift */; };
		8563F4D929A510100006C378 /* Repository.swift in Sources */ = {isa = PBXBuildFile; fileRef = 8563F4D629A510100006C378 /* Repository.swift */; };
		8563F4DD29A511420006C378 /* SectionsAdapter.swift in Sources */ = {isa = PBXBuildFile; fileRef = 8563F4DC29A511420006C378 /* SectionsAdapter.swift */; };
		8563F4E729A666870006C378 /* TasksDependenciesBuilder.swift in Sources */ = {isa = PBXBuildFile; fileRef = 8563F4E629A666870006C378 /* TasksDependenciesBuilder.swift */; };
		8563F4E929A6ACFB0006C378 /* README.md in Resources */ = {isa = PBXBuildFile; fileRef = 8563F4E829A6ACFB0006C378 /* README.md */; };
		856D623F29CAD4EE00A0A1BB /* TasksWorkerTests.swift in Sources */ = {isa = PBXBuildFile; fileRef = 856D623E29CAD4EE00A0A1BB /* TasksWorkerTests.swift */; };
		856D624A29CCDB3C00A0A1BB /* TestsWorkerSpy.swift in Sources */ = {isa = PBXBuildFile; fileRef = 856D624929CCDB3C00A0A1BB /* TestsWorkerSpy.swift */; };
		856D624C29CCDB7000A0A1BB /* TasksPresenerSpy.swift in Sources */ = {isa = PBXBuildFile; fileRef = 856D624B29CCDB7000A0A1BB /* TasksPresenerSpy.swift */; };
		856D624D29CCE95700A0A1BB /* TasksInteractorTests.swift in Sources */ = {isa = PBXBuildFile; fileRef = 856D624729CCD6C000A0A1BB /* TasksInteractorTests.swift */; };
		856D625629CDCA8300A0A1BB /* TasksViewControllerSpy.swift in Sources */ = {isa = PBXBuildFile; fileRef = 856D625529CDCA8300A0A1BB /* TasksViewControllerSpy.swift */; };
		856D625829CDD1B600A0A1BB /* TasksPresenterTests.swift in Sources */ = {isa = PBXBuildFile; fileRef = 856D625729CDD1B600A0A1BB /* TasksPresenterTests.swift */; };
		857021D629D2FF8B0096AA84 /* SectionAdapterSpy.swift in Sources */ = {isa = PBXBuildFile; fileRef = 857021D529D2FF8B0096AA84 /* SectionAdapterSpy.swift */; };
		85E0C13029C4463100E8A29B /* ToDoListBusinessLogic in Frameworks */ = {isa = PBXBuildFile; productRef = 85E0C12F29C4463100E8A29B /* ToDoListBusinessLogic */; };
/* End PBXBuildFile section */

/* Begin PBXContainerItemProxy section */
		5E7E0F4B29C58DE000BD13F4 /* PBXContainerItemProxy */ = {
			isa = PBXContainerItemProxy;
			containerPortal = 8563F49C29A4E2C80006C378 /* Project object */;
			proxyType = 1;
			remoteGlobalIDString = 8563F4A329A4E2C80006C378;
			remoteInfo = ToDoListCleanSwift;
		};
/* End PBXContainerItemProxy section */

/* Begin PBXFileReference section */
		5AA0193529CEA9ED0086B68E /* LoginWorkerTests.swift */ = {isa = PBXFileReference; lastKnownFileType = sourcecode.swift; path = LoginWorkerTests.swift; sourceTree = "<group>"; };
		5E04735129CFEFB80076F1D0 /* LoginInteractorTests.swift */ = {isa = PBXFileReference; lastKnownFileType = sourcecode.swift; path = LoginInteractorTests.swift; sourceTree = "<group>"; };
		5E04735329CFF1220076F1D0 /* LoginWorkerSpy.swift */ = {isa = PBXFileReference; lastKnownFileType = sourcecode.swift; path = LoginWorkerSpy.swift; sourceTree = "<group>"; };
		5E04735529CFF17B0076F1D0 /* LoginPresenterSpy.swift */ = {isa = PBXFileReference; lastKnownFileType = sourcecode.swift; path = LoginPresenterSpy.swift; sourceTree = "<group>"; };
		5E04735729D012250076F1D0 /* LoginViewControllerSpy.swift */ = {isa = PBXFileReference; lastKnownFileType = sourcecode.swift; path = LoginViewControllerSpy.swift; sourceTree = "<group>"; };
		5E04735929D012740076F1D0 /* LoginPresenterTests.swift */ = {isa = PBXFileReference; lastKnownFileType = sourcecode.swift; path = LoginPresenterTests.swift; sourceTree = "<group>"; };
		5E0E1B5B29CDC156004B70B2 /* RepositoryTests.swift */ = {isa = PBXFileReference; fileEncoding = 4; lastKnownFileType = sourcecode.swift; name = RepositoryTests.swift; path = ToDoListCleanSwiftTests/RepositoryTests.swift; sourceTree = SOURCE_ROOT; };
		5E53E69E29C0E6C6007634A4 /* RegularTaskTableViewCell.swift */ = {isa = PBXFileReference; fileEncoding = 4; lastKnownFileType = sourcecode.swift; path = RegularTaskTableViewCell.swift; sourceTree = "<group>"; };
		5E53E69F29C0E6C6007634A4 /* ImportantTaskTableViewCell.swift */ = {isa = PBXFileReference; fileEncoding = 4; lastKnownFileType = sourcecode.swift; path = ImportantTaskTableViewCell.swift; sourceTree = "<group>"; };
		5E53E6A529C0E7D6007634A4 /* ConfigurableTableCell.swift */ = {isa = PBXFileReference; fileEncoding = 4; lastKnownFileType = sourcecode.swift; path = ConfigurableTableCell.swift; sourceTree = "<group>"; };
		5E53E6A729C0E7E9007634A4 /* UITableView+Extension.swift */ = {isa = PBXFileReference; fileEncoding = 4; lastKnownFileType = sourcecode.swift; path = "UITableView+Extension.swift"; sourceTree = "<group>"; };
		5E53E6A829C0E7E9007634A4 /* UIView+Extension.swift */ = {isa = PBXFileReference; fileEncoding = 4; lastKnownFileType = sourcecode.swift; path = "UIView+Extension.swift"; sourceTree = "<group>"; };
		5E7E0F4729C58DDF00BD13F4 /* ToDoListCleanSwiftTests.xctest */ = {isa = PBXFileReference; explicitFileType = wrapper.cfbundle; includeInIndex = 0; path = ToDoListCleanSwiftTests.xctest; sourceTree = BUILT_PRODUCTS_DIR; };
		5E7E0F5229C58E3400BD13F4 /* TaskManagerSpy.swift */ = {isa = PBXFileReference; fileEncoding = 4; lastKnownFileType = sourcecode.swift; path = TaskManagerSpy.swift; sourceTree = "<group>"; };
		5E7E0F5429C58E6800BD13F4 /* SectionAdapterTests.swift */ = {isa = PBXFileReference; fileEncoding = 4; lastKnownFileType = sourcecode.swift; path = SectionAdapterTests.swift; sourceTree = "<group>"; };
		5EB995AE29BC26740046FA0C /* .gitignore */ = {isa = PBXFileReference; fileEncoding = 4; lastKnownFileType = text; path = .gitignore; sourceTree = "<group>"; };
		8563F4A729A4E2C80006C378 /* AppDelegate.swift */ = {isa = PBXFileReference; lastKnownFileType = sourcecode.swift; path = AppDelegate.swift; sourceTree = "<group>"; };
		8563F4A929A4E2C80006C378 /* SceneDelegate.swift */ = {isa = PBXFileReference; lastKnownFileType = sourcecode.swift; path = SceneDelegate.swift; sourceTree = "<group>"; };
		8563F4AB29A4E2C80006C378 /* LoginViewController.swift */ = {isa = PBXFileReference; lastKnownFileType = sourcecode.swift; path = LoginViewController.swift; sourceTree = "<group>"; };
		8563F4AE29A4E2C80006C378 /* Base */ = {isa = PBXFileReference; lastKnownFileType = file.storyboard; name = Base; path = Base.lproj/Main.storyboard; sourceTree = "<group>"; };
		8563F4B029A4E2C90006C378 /* Assets.xcassets */ = {isa = PBXFileReference; lastKnownFileType = folder.assetcatalog; path = Assets.xcassets; sourceTree = "<group>"; };
		8563F4B329A4E2C90006C378 /* Base */ = {isa = PBXFileReference; lastKnownFileType = file.storyboard; name = Base; path = Base.lproj/LaunchScreen.storyboard; sourceTree = "<group>"; };
		8563F4B529A4E2C90006C378 /* Info.plist */ = {isa = PBXFileReference; lastKnownFileType = text.plist.xml; path = Info.plist; sourceTree = "<group>"; };
		8563F4BB29A4EBBF0006C378 /* LoginModels.swift */ = {isa = PBXFileReference; lastKnownFileType = sourcecode.swift; path = LoginModels.swift; sourceTree = "<group>"; };
		8563F4BE29A4EDFD0006C378 /* LoginInteractor.swift */ = {isa = PBXFileReference; lastKnownFileType = sourcecode.swift; path = LoginInteractor.swift; sourceTree = "<group>"; };
		8563F4C029A4EEB90006C378 /* LoginWorker.swift */ = {isa = PBXFileReference; lastKnownFileType = sourcecode.swift; path = LoginWorker.swift; sourceTree = "<group>"; };
		8563F4C229A4EED00006C378 /* LoginPresenter.swift */ = {isa = PBXFileReference; lastKnownFileType = sourcecode.swift; path = LoginPresenter.swift; sourceTree = "<group>"; };
		8563F4C529A4FAFC0006C378 /* TasksViewController.swift */ = {isa = PBXFileReference; lastKnownFileType = sourcecode.swift; path = TasksViewController.swift; sourceTree = "<group>"; };
		8563F4C729A4FB210006C378 /* TasksModel.swift */ = {isa = PBXFileReference; lastKnownFileType = sourcecode.swift; path = TasksModel.swift; sourceTree = "<group>"; };
		8563F4C929A4FB400006C378 /* TasksInteractor.swift */ = {isa = PBXFileReference; lastKnownFileType = sourcecode.swift; path = TasksInteractor.swift; sourceTree = "<group>"; };
		8563F4CB29A4FB520006C378 /* TasksWorker.swift */ = {isa = PBXFileReference; lastKnownFileType = sourcecode.swift; path = TasksWorker.swift; sourceTree = "<group>"; };
		8563F4CD29A4FB600006C378 /* TasksPresenter.swift */ = {isa = PBXFileReference; lastKnownFileType = sourcecode.swift; path = TasksPresenter.swift; sourceTree = "<group>"; };
		8563F4CF29A508750006C378 /* MainRouter.swift */ = {isa = PBXFileReference; lastKnownFileType = sourcecode.swift; path = MainRouter.swift; sourceTree = "<group>"; };
		8563F4D629A510100006C378 /* Repository.swift */ = {isa = PBXFileReference; fileEncoding = 4; lastKnownFileType = sourcecode.swift; path = Repository.swift; sourceTree = "<group>"; };
		8563F4DC29A511420006C378 /* SectionsAdapter.swift */ = {isa = PBXFileReference; fileEncoding = 4; lastKnownFileType = sourcecode.swift; path = SectionsAdapter.swift; sourceTree = "<group>"; };
		8563F4E629A666870006C378 /* TasksDependenciesBuilder.swift */ = {isa = PBXFileReference; lastKnownFileType = sourcecode.swift; path = TasksDependenciesBuilder.swift; sourceTree = "<group>"; };
		8563F4E829A6ACFB0006C378 /* README.md */ = {isa = PBXFileReference; fileEncoding = 4; lastKnownFileType = net.daringfireball.markdown; path = README.md; sourceTree = "<group>"; };
		856D623E29CAD4EE00A0A1BB /* TasksWorkerTests.swift */ = {isa = PBXFileReference; fileEncoding = 4; lastKnownFileType = sourcecode.swift; path = TasksWorkerTests.swift; sourceTree = "<group>"; };
		856D624729CCD6C000A0A1BB /* TasksInteractorTests.swift */ = {isa = PBXFileReference; fileEncoding = 4; lastKnownFileType = sourcecode.swift; path = TasksInteractorTests.swift; sourceTree = "<group>"; };
		856D624929CCDB3C00A0A1BB /* TestsWorkerSpy.swift */ = {isa = PBXFileReference; lastKnownFileType = sourcecode.swift; path = TestsWorkerSpy.swift; sourceTree = "<group>"; };
		856D624B29CCDB7000A0A1BB /* TasksPresenerSpy.swift */ = {isa = PBXFileReference; lastKnownFileType = sourcecode.swift; path = TasksPresenerSpy.swift; sourceTree = "<group>"; };
		856D625D29D022BA00A0A1BB /* SectionAdapterSpy.swift */ = {isa = PBXFileReference; lastKnownFileType = sourcecode.swift; path = SectionAdapterSpy.swift; sourceTree = "<group>"; };
		856D625529CDCA8300A0A1BB /* TasksViewControllerSpy.swift */ = {isa = PBXFileReference; lastKnownFileType = sourcecode.swift; path = TasksViewControllerSpy.swift; sourceTree = "<group>"; };
		856D625729CDD1B600A0A1BB /* TasksPresenterTests.swift */ = {isa = PBXFileReference; lastKnownFileType = sourcecode.swift; path = TasksPresenterTests.swift; sourceTree = "<group>"; };
		857021D529D2FF8B0096AA84 /* SectionAdapterSpy.swift */ = {isa = PBXFileReference; lastKnownFileType = sourcecode.swift; path = SectionAdapterSpy.swift; sourceTree = "<group>"; };
		85E0C12D29C445E300E8A29B /* ToDoListBusinessLogic */ = {isa = PBXFileReference; lastKnownFileType = wrapper; path = ToDoListBusinessLogic; sourceTree = "<group>"; };
		85E0C13129C44B0200E8A29B /* ToDoListCleanSwift.app */ = {isa = PBXFileReference; explicitFileType = wrapper.application; includeInIndex = 0; path = ToDoListCleanSwift.app; sourceTree = BUILT_PRODUCTS_DIR; };
/* End PBXFileReference section */

/* Begin PBXFrameworksBuildPhase section */
		5E7E0F4429C58DDF00BD13F4 /* Frameworks */ = {
			isa = PBXFrameworksBuildPhase;
			buildActionMask = 2147483647;
			files = (
			);
			runOnlyForDeploymentPostprocessing = 0;
		};
		8563F4A129A4E2C80006C378 /* Frameworks */ = {
			isa = PBXFrameworksBuildPhase;
			buildActionMask = 2147483647;
			files = (
				85E0C13029C4463100E8A29B /* ToDoListBusinessLogic in Frameworks */,
			);
			runOnlyForDeploymentPostprocessing = 0;
		};
/* End PBXFrameworksBuildPhase section */

/* Begin PBXGroup section */
		5AA0193429CEA9AC0086B68E /* LoginScene */ = {
			isa = PBXGroup;
			children = (
				5E04735129CFEFB80076F1D0 /* LoginInteractorTests.swift */,
				5E04735929D012740076F1D0 /* LoginPresenterTests.swift */,
				5AA0193529CEA9ED0086B68E /* LoginWorkerTests.swift */,
			);
			path = LoginScene;
			sourceTree = "<group>";
		};
		5E40155029C974D0001F2DBB /* Managers */ = {
			isa = PBXGroup;
			children = (
				5E0E1B5B29CDC156004B70B2 /* RepositoryTests.swift */,
				5E7E0F5429C58E6800BD13F4 /* SectionAdapterTests.swift */,
			);
			path = Managers;
			sourceTree = "<group>";
		};
		5E53E6A229C0E78E007634A4 /* CommonFiles */ = {
			isa = PBXGroup;
			children = (
				5E53E6A329C0E797007634A4 /* Extensions */,
				5E53E6A429C0E7A0007634A4 /* Protocols */,
			);
			path = CommonFiles;
			sourceTree = "<group>";
		};
		5E53E6A329C0E797007634A4 /* Extensions */ = {
			isa = PBXGroup;
			children = (
				5E53E6A729C0E7E9007634A4 /* UITableView+Extension.swift */,
				5E53E6A829C0E7E9007634A4 /* UIView+Extension.swift */,
			);
			path = Extensions;
			sourceTree = "<group>";
		};
		5E53E6A429C0E7A0007634A4 /* Protocols */ = {
			isa = PBXGroup;
			children = (
				5E53E6A529C0E7D6007634A4 /* ConfigurableTableCell.swift */,
			);
			path = Protocols;
			sourceTree = "<group>";
		};
		5E7E0F4829C58DE000BD13F4 /* ToDoListCleanSwiftTests */ = {
			isa = PBXGroup;
			children = (
				856D624529CCD62A00A0A1BB /* TasksScene */,
				5E7E0F5029C58E1600BD13F4 /* TestDoubles */,
				5E7E0F5129C58E1C00BD13F4 /* UnitTests */,
			);
			path = ToDoListCleanSwiftTests;
			sourceTree = "<group>";
		};
		5E7E0F5029C58E1600BD13F4 /* TestDoubles */ = {
			isa = PBXGroup;
			children = (
				5E7E0F5229C58E3400BD13F4 /* TaskManagerSpy.swift */,
				5E04735329CFF1220076F1D0 /* LoginWorkerSpy.swift */,
				5E04735529CFF17B0076F1D0 /* LoginPresenterSpy.swift */,
				5E04735729D012250076F1D0 /* LoginViewControllerSpy.swift */,
			);
			path = TestDoubles;
			sourceTree = "<group>";
		};
		5E7E0F5129C58E1C00BD13F4 /* UnitTests */ = {
			isa = PBXGroup;
			children = (
				5AA0193429CEA9AC0086B68E /* LoginScene */,
				856D623E29CAD4EE00A0A1BB /* TasksWorkerTests.swift */,
				5E40155029C974D0001F2DBB /* Managers */,
			);
			path = UnitTests;
			sourceTree = "<group>";
		};
		8563F49B29A4E2C80006C378 = {
			isa = PBXGroup;
			children = (
				85E0C12C29C445E300E8A29B /* Packages */,
				8563F4E829A6ACFB0006C378 /* README.md */,
				5EB995AE29BC26740046FA0C /* .gitignore */,
				8563F4A629A4E2C80006C378 /* ToDoListCleanSwift */,
				5E7E0F4829C58DE000BD13F4 /* ToDoListCleanSwiftTests */,
				85E0C12E29C4463100E8A29B /* Frameworks */,
				85E0C13129C44B0200E8A29B /* ToDoListCleanSwift.app */,
				5E7E0F4729C58DDF00BD13F4 /* ToDoListCleanSwiftTests.xctest */,
			);
			sourceTree = "<group>";
		};
		8563F4A629A4E2C80006C378 /* ToDoListCleanSwift */ = {
			isa = PBXGroup;
			children = (
				5E53E6A229C0E78E007634A4 /* CommonFiles */,
				8563F4A729A4E2C80006C378 /* AppDelegate.swift */,
				8563F4A929A4E2C80006C378 /* SceneDelegate.swift */,
				8563F4CF29A508750006C378 /* MainRouter.swift */,
				8563F4BD29A4EC780006C378 /* LoginScene */,
				8563F4C429A4F9EC0006C378 /* TasksScene */,
				8563F4AD29A4E2C80006C378 /* Main.storyboard */,
				8563F4B029A4E2C90006C378 /* Assets.xcassets */,
				8563F4B229A4E2C90006C378 /* LaunchScreen.storyboard */,
				8563F4B529A4E2C90006C378 /* Info.plist */,
			);
			path = ToDoListCleanSwift;
			sourceTree = "<group>";
		};
		8563F4BD29A4EC780006C378 /* LoginScene */ = {
			isa = PBXGroup;
			children = (
				8563F4AB29A4E2C80006C378 /* LoginViewController.swift */,
				8563F4BB29A4EBBF0006C378 /* LoginModels.swift */,
				8563F4BE29A4EDFD0006C378 /* LoginInteractor.swift */,
				8563F4C029A4EEB90006C378 /* LoginWorker.swift */,
				8563F4C229A4EED00006C378 /* LoginPresenter.swift */,
			);
			path = LoginScene;
			sourceTree = "<group>";
		};
		8563F4C429A4F9EC0006C378 /* TasksScene */ = {
			isa = PBXGroup;
			children = (
				8563F4C529A4FAFC0006C378 /* TasksViewController.swift */,
				8563F4C729A4FB210006C378 /* TasksModel.swift */,
				8563F4C929A4FB400006C378 /* TasksInteractor.swift */,
				8563F4CB29A4FB520006C378 /* TasksWorker.swift */,
				8563F4CD29A4FB600006C378 /* TasksPresenter.swift */,
				8563F4DE29A511AB0006C378 /* Managers */,
				8563F4E529A65A000006C378 /* Cells */,
			);
			path = TasksScene;
			sourceTree = "<group>";
		};
		8563F4DE29A511AB0006C378 /* Managers */ = {
			isa = PBXGroup;
			children = (
				8563F4D629A510100006C378 /* Repository.swift */,
				8563F4DC29A511420006C378 /* SectionsAdapter.swift */,
				8563F4E629A666870006C378 /* TasksDependenciesBuilder.swift */,
			);
			path = Managers;
			sourceTree = "<group>";
		};
		8563F4E529A65A000006C378 /* Cells */ = {
			isa = PBXGroup;
			children = (
				5E53E69F29C0E6C6007634A4 /* ImportantTaskTableViewCell.swift */,
				5E53E69E29C0E6C6007634A4 /* RegularTaskTableViewCell.swift */,
			);
			path = Cells;
			sourceTree = "<group>";
		};
		856D624529CCD62A00A0A1BB /* TasksScene */ = {
			isa = PBXGroup;
			children = (
				856D624629CCD65600A0A1BB /* TasksSceneDoubles */,
				856D624729CCD6C000A0A1BB /* TasksInteractorTests.swift */,
				856D625729CDD1B600A0A1BB /* TasksPresenterTests.swift */,
				856D623E29CAD4EE00A0A1BB /* TasksWorkerTests.swift */,
			);
			path = TasksScene;
			sourceTree = "<group>";
		};
		856D624629CCD65600A0A1BB /* TasksSceneDoubles */ = {
			isa = PBXGroup;
			children = (
				856D624929CCDB3C00A0A1BB /* TestsWorkerSpy.swift */,
				856D624B29CCDB7000A0A1BB /* TasksPresenerSpy.swift */,
				857021D529D2FF8B0096AA84 /* SectionAdapterSpy.swift */,
				856D625529CDCA8300A0A1BB /* TasksViewControllerSpy.swift */,
			);
			path = TasksSceneDoubles;
			sourceTree = "<group>";
		};
		85E0C12C29C445E300E8A29B /* Packages */ = {
			isa = PBXGroup;
			children = (
				85E0C12D29C445E300E8A29B /* ToDoListBusinessLogic */,
			);
			name = Packages;
			sourceTree = "<group>";
		};
		85E0C12E29C4463100E8A29B /* Frameworks */ = {
			isa = PBXGroup;
			children = (
			);
			name = Frameworks;
			sourceTree = "<group>";
		};
/* End PBXGroup section */

/* Begin PBXNativeTarget section */
		5E7E0F4629C58DDF00BD13F4 /* ToDoListCleanSwiftTests */ = {
			isa = PBXNativeTarget;
			buildConfigurationList = 5E7E0F4D29C58DE100BD13F4 /* Build configuration list for PBXNativeTarget "ToDoListCleanSwiftTests" */;
			buildPhases = (
				5E7E0F4329C58DDF00BD13F4 /* Sources */,
				5E7E0F4429C58DDF00BD13F4 /* Frameworks */,
				5E7E0F4529C58DDF00BD13F4 /* Resources */,
				856D624229CADD7D00A0A1BB /* Run Swiftlint */,
			);
			buildRules = (
			);
			dependencies = (
				5E7E0F4C29C58DE000BD13F4 /* PBXTargetDependency */,
			);
			name = ToDoListCleanSwiftTests;
			productName = ToDoListCleanSwiftTests;
			productReference = 5E7E0F4729C58DDF00BD13F4 /* ToDoListCleanSwiftTests.xctest */;
			productType = "com.apple.product-type.bundle.unit-test";
		};
		8563F4A329A4E2C80006C378 /* ToDoListCleanSwift */ = {
			isa = PBXNativeTarget;
			buildConfigurationList = 8563F4B829A4E2C90006C378 /* Build configuration list for PBXNativeTarget "ToDoListCleanSwift" */;
			buildPhases = (
				5A411CB129BF3EC500AE3C78 /* SwiftLint */,
				8563F4A029A4E2C80006C378 /* Sources */,
				8563F4A129A4E2C80006C378 /* Frameworks */,
				8563F4A229A4E2C80006C378 /* Resources */,
			);
			buildRules = (
			);
			dependencies = (
			);
			name = ToDoListCleanSwift;
			packageProductDependencies = (
				85E0C12F29C4463100E8A29B /* ToDoListBusinessLogic */,
			);
			productName = ToDoListCleanSwift;
			productReference = 85E0C13129C44B0200E8A29B /* ToDoListCleanSwift.app */;
			productType = "com.apple.product-type.application";
		};
/* End PBXNativeTarget section */

/* Begin PBXProject section */
		8563F49C29A4E2C80006C378 /* Project object */ = {
			isa = PBXProject;
			attributes = {
				BuildIndependentTargetsInParallel = 1;
				LastSwiftUpdateCheck = 1420;
				LastUpgradeCheck = 1420;
				TargetAttributes = {
					5E7E0F4629C58DDF00BD13F4 = {
						CreatedOnToolsVersion = 14.1;
						TestTargetID = 8563F4A329A4E2C80006C378;
					};
					8563F4A329A4E2C80006C378 = {
						CreatedOnToolsVersion = 14.2;
					};
				};
			};
			buildConfigurationList = 8563F49F29A4E2C80006C378 /* Build configuration list for PBXProject "ToDoListCleanSwift" */;
			compatibilityVersion = "Xcode 13.0";
			developmentRegion = en;
			hasScannedForEncodings = 0;
			knownRegions = (
				en,
				Base,
			);
			mainGroup = 8563F49B29A4E2C80006C378;
			productRefGroup = 8563F49B29A4E2C80006C378;
			projectDirPath = "";
			projectRoot = "";
			targets = (
				8563F4A329A4E2C80006C378 /* ToDoListCleanSwift */,
				5E7E0F4629C58DDF00BD13F4 /* ToDoListCleanSwiftTests */,
			);
		};
/* End PBXProject section */

/* Begin PBXResourcesBuildPhase section */
		5E7E0F4529C58DDF00BD13F4 /* Resources */ = {
			isa = PBXResourcesBuildPhase;
			buildActionMask = 2147483647;
			files = (
			);
			runOnlyForDeploymentPostprocessing = 0;
		};
		8563F4A229A4E2C80006C378 /* Resources */ = {
			isa = PBXResourcesBuildPhase;
			buildActionMask = 2147483647;
			files = (
				5EB995AF29BC26740046FA0C /* .gitignore in Resources */,
				8563F4B429A4E2C90006C378 /* LaunchScreen.storyboard in Resources */,
				8563F4B129A4E2C90006C378 /* Assets.xcassets in Resources */,
				8563F4E929A6ACFB0006C378 /* README.md in Resources */,
				8563F4AF29A4E2C80006C378 /* Main.storyboard in Resources */,
			);
			runOnlyForDeploymentPostprocessing = 0;
		};
/* End PBXResourcesBuildPhase section */

/* Begin PBXShellScriptBuildPhase section */
		5A411CB129BF3EC500AE3C78 /* SwiftLint */ = {
			isa = PBXShellScriptBuildPhase;
			alwaysOutOfDate = 1;
			buildActionMask = 2147483647;
			files = (
			);
			inputFileListPaths = (
			);
			inputPaths = (
			);
			name = SwiftLint;
			outputFileListPaths = (
			);
			outputPaths = (
			);
			runOnlyForDeploymentPostprocessing = 0;
			shellPath = /bin/sh;
			shellScript = "export PATH=\"$PATH:/opt/homebrew/bin\"\nif which swiftlint > /dev/null; then\n  swiftlint\nelse\n  echo \"warning: SwiftLint not installed, download from https://github.com/realm/SwiftLint\"\n  exit 1\nfi\n";
		};
		856D624229CADD7D00A0A1BB /* Run Swiftlint */ = {
			isa = PBXShellScriptBuildPhase;
			alwaysOutOfDate = 1;
			buildActionMask = 2147483647;
			files = (
			);
			inputFileListPaths = (
			);
			inputPaths = (
			);
			name = "Run Swiftlint";
			outputFileListPaths = (
			);
			outputPaths = (
			);
			runOnlyForDeploymentPostprocessing = 0;
			shellPath = /bin/sh;
			shellScript = "export PATH=\"$PATH:/opt/homebrew/bin\"\nif which swiftlint > /dev/null; then\n  swiftlint\nelse\n  echo \"warning: SwiftLint not installed, download from https://github.com/realm/SwiftLint\"\n  exit 1\nfi\n";
		};
/* End PBXShellScriptBuildPhase section */

/* Begin PBXSourcesBuildPhase section */
		5E7E0F4329C58DDF00BD13F4 /* Sources */ = {
			isa = PBXSourcesBuildPhase;
			buildActionMask = 2147483647;
			files = (
				856D624A29CCDB3C00A0A1BB /* TestsWorkerSpy.swift in Sources */,
				856D623F29CAD4EE00A0A1BB /* TasksWorkerTests.swift in Sources */,
				5E04735A29D012740076F1D0 /* LoginPresenterTests.swift in Sources */,
				5E7E0F5329C58E3400BD13F4 /* TaskManagerSpy.swift in Sources */,
				856D624D29CCE95700A0A1BB /* TasksInteractorTests.swift in Sources */,
				856D625E29D022BA00A0A1BB /* SectionAdapterSpy.swift in Sources */,
				856D625629CDCA8300A0A1BB /* TasksViewControllerSpy.swift in Sources */,
				5E7E0F5329C58E3400BD13F4 /* TaskManagerSpy.swift in Sources */,
				857021D629D2FF8B0096AA84 /* SectionAdapterSpy.swift in Sources */,
				856D624D29CCE95700A0A1BB /* TasksInteractorTests.swift in Sources */,
				856D625829CDD1B600A0A1BB /* TasksPresenterTests.swift in Sources */,
				5E7E0F5529C58E6800BD13F4 /* SectionAdapterTests.swift in Sources */,
				856D624C29CCDB7000A0A1BB /* TasksPresenerSpy.swift in Sources */,
				5E04735429CFF1220076F1D0 /* LoginWorkerSpy.swift in Sources */,
				5E04735829D012250076F1D0 /* LoginViewControllerSpy.swift in Sources */,
				5E7E0F5529C58E6800BD13F4 /* SectionAdapterTests.swift in Sources */,
				5E04735229CFEFB80076F1D0 /* LoginInteractorTests.swift in Sources */,
				5E0E1B5C29CDC156004B70B2 /* RepositoryTests.swift in Sources */,
				5AA0193629CEA9ED0086B68E /* LoginWorkerTests.swift in Sources */,
				5E04735629CFF17B0076F1D0 /* LoginPresenterSpy.swift in Sources */,
			);
			runOnlyForDeploymentPostprocessing = 0;
		};
		8563F4A029A4E2C80006C378 /* Sources */ = {
			isa = PBXSourcesBuildPhase;
			buildActionMask = 2147483647;
			files = (
				8563F4AC29A4E2C80006C378 /* LoginViewController.swift in Sources */,
				5E53E6A029C0E6C7007634A4 /* RegularTaskTableViewCell.swift in Sources */,
				8563F4CA29A4FB400006C378 /* TasksInteractor.swift in Sources */,
				8563F4C629A4FAFC0006C378 /* TasksViewController.swift in Sources */,
				8563F4CC29A4FB520006C378 /* TasksWorker.swift in Sources */,
				8563F4BC29A4EBBF0006C378 /* LoginModels.swift in Sources */,
				8563F4D029A508750006C378 /* MainRouter.swift in Sources */,
				5E53E6A129C0E6C7007634A4 /* ImportantTaskTableViewCell.swift in Sources */,
				8563F4C829A4FB210006C378 /* TasksModel.swift in Sources */,
				8563F4C329A4EED00006C378 /* LoginPresenter.swift in Sources */,
				8563F4E729A666870006C378 /* TasksDependenciesBuilder.swift in Sources */,
				8563F4A829A4E2C80006C378 /* AppDelegate.swift in Sources */,
				8563F4BF29A4EDFD0006C378 /* LoginInteractor.swift in Sources */,
				8563F4DD29A511420006C378 /* SectionsAdapter.swift in Sources */,
				8563F4D929A510100006C378 /* Repository.swift in Sources */,
				8563F4CE29A4FB600006C378 /* TasksPresenter.swift in Sources */,
				5E53E6A929C0E7E9007634A4 /* UITableView+Extension.swift in Sources */,
				5E53E6AA29C0E7E9007634A4 /* UIView+Extension.swift in Sources */,
				5E53E6A629C0E7D6007634A4 /* ConfigurableTableCell.swift in Sources */,
				8563F4AA29A4E2C80006C378 /* SceneDelegate.swift in Sources */,
				8563F4C129A4EEB90006C378 /* LoginWorker.swift in Sources */,
			);
			runOnlyForDeploymentPostprocessing = 0;
		};
/* End PBXSourcesBuildPhase section */

/* Begin PBXTargetDependency section */
		5E7E0F4C29C58DE000BD13F4 /* PBXTargetDependency */ = {
			isa = PBXTargetDependency;
			target = 8563F4A329A4E2C80006C378 /* ToDoListCleanSwift */;
			targetProxy = 5E7E0F4B29C58DE000BD13F4 /* PBXContainerItemProxy */;
		};
/* End PBXTargetDependency section */

/* Begin PBXVariantGroup section */
		8563F4AD29A4E2C80006C378 /* Main.storyboard */ = {
			isa = PBXVariantGroup;
			children = (
				8563F4AE29A4E2C80006C378 /* Base */,
			);
			name = Main.storyboard;
			sourceTree = "<group>";
		};
		8563F4B229A4E2C90006C378 /* LaunchScreen.storyboard */ = {
			isa = PBXVariantGroup;
			children = (
				8563F4B329A4E2C90006C378 /* Base */,
			);
			name = LaunchScreen.storyboard;
			sourceTree = "<group>";
		};
/* End PBXVariantGroup section */

/* Begin XCBuildConfiguration section */
		5E7E0F4E29C58DE100BD13F4 /* Debug */ = {
			isa = XCBuildConfiguration;
			buildSettings = {
				BUNDLE_LOADER = "$(TEST_HOST)";
				CODE_SIGN_STYLE = Automatic;
				CURRENT_PROJECT_VERSION = 1;
				DEVELOPMENT_TEAM = 4J6378W446;
				GENERATE_INFOPLIST_FILE = YES;
				IPHONEOS_DEPLOYMENT_TARGET = 15.2;
				MARKETING_VERSION = 1.0;
				PRODUCT_BUNDLE_IDENTIFIER = com.evgeniMeleshin.ToDoListCS;
				PRODUCT_NAME = "$(TARGET_NAME)";
				SWIFT_EMIT_LOC_STRINGS = NO;
				SWIFT_VERSION = 5.0;
				TARGETED_DEVICE_FAMILY = "1,2";
				TEST_HOST = "$(BUILT_PRODUCTS_DIR)/ToDoListCleanSwift.app/ToDoListCleanSwift";
			};
			name = Debug;
		};
		5E7E0F4F29C58DE100BD13F4 /* Release */ = {
			isa = XCBuildConfiguration;
			buildSettings = {
				BUNDLE_LOADER = "$(TEST_HOST)";
				CODE_SIGN_STYLE = Automatic;
				CURRENT_PROJECT_VERSION = 1;
				DEVELOPMENT_TEAM = 4J6378W446;
				GENERATE_INFOPLIST_FILE = YES;
				IPHONEOS_DEPLOYMENT_TARGET = 15.2;
				MARKETING_VERSION = 1.0;
				PRODUCT_BUNDLE_IDENTIFIER = com.evgeniMeleshin.ToDoListCS;
				PRODUCT_NAME = "$(TARGET_NAME)";
				SWIFT_EMIT_LOC_STRINGS = NO;
				SWIFT_VERSION = 5.0;
				TARGETED_DEVICE_FAMILY = "1,2";
				TEST_HOST = "$(BUILT_PRODUCTS_DIR)/ToDoListCleanSwift.app/ToDoListCleanSwift";
			};
			name = Release;
		};
		8563F4B629A4E2C90006C378 /* Debug */ = {
			isa = XCBuildConfiguration;
			buildSettings = {
				ALWAYS_SEARCH_USER_PATHS = NO;
				CLANG_ANALYZER_NONNULL = YES;
				CLANG_ANALYZER_NUMBER_OBJECT_CONVERSION = YES_AGGRESSIVE;
				CLANG_CXX_LANGUAGE_STANDARD = "gnu++20";
				CLANG_ENABLE_MODULES = YES;
				CLANG_ENABLE_OBJC_ARC = YES;
				CLANG_ENABLE_OBJC_WEAK = YES;
				CLANG_WARN_BLOCK_CAPTURE_AUTORELEASING = YES;
				CLANG_WARN_BOOL_CONVERSION = YES;
				CLANG_WARN_COMMA = YES;
				CLANG_WARN_CONSTANT_CONVERSION = YES;
				CLANG_WARN_DEPRECATED_OBJC_IMPLEMENTATIONS = YES;
				CLANG_WARN_DIRECT_OBJC_ISA_USAGE = YES_ERROR;
				CLANG_WARN_DOCUMENTATION_COMMENTS = YES;
				CLANG_WARN_EMPTY_BODY = YES;
				CLANG_WARN_ENUM_CONVERSION = YES;
				CLANG_WARN_INFINITE_RECURSION = YES;
				CLANG_WARN_INT_CONVERSION = YES;
				CLANG_WARN_NON_LITERAL_NULL_CONVERSION = YES;
				CLANG_WARN_OBJC_IMPLICIT_RETAIN_SELF = YES;
				CLANG_WARN_OBJC_LITERAL_CONVERSION = YES;
				CLANG_WARN_OBJC_ROOT_CLASS = YES_ERROR;
				CLANG_WARN_QUOTED_INCLUDE_IN_FRAMEWORK_HEADER = YES;
				CLANG_WARN_RANGE_LOOP_ANALYSIS = YES;
				CLANG_WARN_STRICT_PROTOTYPES = YES;
				CLANG_WARN_SUSPICIOUS_MOVE = YES;
				CLANG_WARN_UNGUARDED_AVAILABILITY = YES_AGGRESSIVE;
				CLANG_WARN_UNREACHABLE_CODE = YES;
				CLANG_WARN__DUPLICATE_METHOD_MATCH = YES;
				COPY_PHASE_STRIP = NO;
				DEBUG_INFORMATION_FORMAT = dwarf;
				ENABLE_STRICT_OBJC_MSGSEND = YES;
				ENABLE_TESTABILITY = YES;
				GCC_C_LANGUAGE_STANDARD = gnu11;
				GCC_DYNAMIC_NO_PIC = NO;
				GCC_NO_COMMON_BLOCKS = YES;
				GCC_OPTIMIZATION_LEVEL = 0;
				GCC_PREPROCESSOR_DEFINITIONS = (
					"DEBUG=1",
					"$(inherited)",
				);
				GCC_WARN_64_TO_32_BIT_CONVERSION = YES;
				GCC_WARN_ABOUT_RETURN_TYPE = YES_ERROR;
				GCC_WARN_UNDECLARED_SELECTOR = YES;
				GCC_WARN_UNINITIALIZED_AUTOS = YES_AGGRESSIVE;
				GCC_WARN_UNUSED_FUNCTION = YES;
				GCC_WARN_UNUSED_VARIABLE = YES;
				IPHONEOS_DEPLOYMENT_TARGET = 15.2;
				MTL_ENABLE_DEBUG_INFO = INCLUDE_SOURCE;
				MTL_FAST_MATH = YES;
				ONLY_ACTIVE_ARCH = YES;
				SDKROOT = iphoneos;
				SWIFT_ACTIVE_COMPILATION_CONDITIONS = DEBUG;
				SWIFT_OPTIMIZATION_LEVEL = "-Onone";
			};
			name = Debug;
		};
		8563F4B729A4E2C90006C378 /* Release */ = {
			isa = XCBuildConfiguration;
			buildSettings = {
				ALWAYS_SEARCH_USER_PATHS = NO;
				CLANG_ANALYZER_NONNULL = YES;
				CLANG_ANALYZER_NUMBER_OBJECT_CONVERSION = YES_AGGRESSIVE;
				CLANG_CXX_LANGUAGE_STANDARD = "gnu++20";
				CLANG_ENABLE_MODULES = YES;
				CLANG_ENABLE_OBJC_ARC = YES;
				CLANG_ENABLE_OBJC_WEAK = YES;
				CLANG_WARN_BLOCK_CAPTURE_AUTORELEASING = YES;
				CLANG_WARN_BOOL_CONVERSION = YES;
				CLANG_WARN_COMMA = YES;
				CLANG_WARN_CONSTANT_CONVERSION = YES;
				CLANG_WARN_DEPRECATED_OBJC_IMPLEMENTATIONS = YES;
				CLANG_WARN_DIRECT_OBJC_ISA_USAGE = YES_ERROR;
				CLANG_WARN_DOCUMENTATION_COMMENTS = YES;
				CLANG_WARN_EMPTY_BODY = YES;
				CLANG_WARN_ENUM_CONVERSION = YES;
				CLANG_WARN_INFINITE_RECURSION = YES;
				CLANG_WARN_INT_CONVERSION = YES;
				CLANG_WARN_NON_LITERAL_NULL_CONVERSION = YES;
				CLANG_WARN_OBJC_IMPLICIT_RETAIN_SELF = YES;
				CLANG_WARN_OBJC_LITERAL_CONVERSION = YES;
				CLANG_WARN_OBJC_ROOT_CLASS = YES_ERROR;
				CLANG_WARN_QUOTED_INCLUDE_IN_FRAMEWORK_HEADER = YES;
				CLANG_WARN_RANGE_LOOP_ANALYSIS = YES;
				CLANG_WARN_STRICT_PROTOTYPES = YES;
				CLANG_WARN_SUSPICIOUS_MOVE = YES;
				CLANG_WARN_UNGUARDED_AVAILABILITY = YES_AGGRESSIVE;
				CLANG_WARN_UNREACHABLE_CODE = YES;
				CLANG_WARN__DUPLICATE_METHOD_MATCH = YES;
				COPY_PHASE_STRIP = NO;
				DEBUG_INFORMATION_FORMAT = "dwarf-with-dsym";
				ENABLE_NS_ASSERTIONS = NO;
				ENABLE_STRICT_OBJC_MSGSEND = YES;
				GCC_C_LANGUAGE_STANDARD = gnu11;
				GCC_NO_COMMON_BLOCKS = YES;
				GCC_WARN_64_TO_32_BIT_CONVERSION = YES;
				GCC_WARN_ABOUT_RETURN_TYPE = YES_ERROR;
				GCC_WARN_UNDECLARED_SELECTOR = YES;
				GCC_WARN_UNINITIALIZED_AUTOS = YES_AGGRESSIVE;
				GCC_WARN_UNUSED_FUNCTION = YES;
				GCC_WARN_UNUSED_VARIABLE = YES;
				IPHONEOS_DEPLOYMENT_TARGET = 15.2;
				MTL_ENABLE_DEBUG_INFO = NO;
				MTL_FAST_MATH = YES;
				SDKROOT = iphoneos;
				SWIFT_COMPILATION_MODE = wholemodule;
				SWIFT_OPTIMIZATION_LEVEL = "-O";
				VALIDATE_PRODUCT = YES;
			};
			name = Release;
		};
		8563F4B929A4E2C90006C378 /* Debug */ = {
			isa = XCBuildConfiguration;
			buildSettings = {
				ASSETCATALOG_COMPILER_APPICON_NAME = AppIcon;
				ASSETCATALOG_COMPILER_GLOBAL_ACCENT_COLOR_NAME = AccentColor;
				CODE_SIGN_STYLE = Automatic;
				CURRENT_PROJECT_VERSION = 1;
				DEVELOPMENT_TEAM = G2VF2J7D53;
				GENERATE_INFOPLIST_FILE = YES;
				INFOPLIST_FILE = ToDoListCleanSwift/Info.plist;
				INFOPLIST_KEY_UIApplicationSupportsIndirectInputEvents = YES;
				INFOPLIST_KEY_UILaunchStoryboardName = LaunchScreen;
				INFOPLIST_KEY_UIMainStoryboardFile = Main;
				INFOPLIST_KEY_UISupportedInterfaceOrientations = "UIInterfaceOrientationPortrait UIInterfaceOrientationPortraitUpsideDown";
				INFOPLIST_KEY_UISupportedInterfaceOrientations_iPad = "UIInterfaceOrientationLandscapeLeft UIInterfaceOrientationLandscapeRight UIInterfaceOrientationPortrait UIInterfaceOrientationPortraitUpsideDown";
				IPHONEOS_DEPLOYMENT_TARGET = 15.2;
				LD_RUNPATH_SEARCH_PATHS = (
					"$(inherited)",
					"@executable_path/Frameworks",
				);
				MARKETING_VERSION = 1.0;
				PRODUCT_BUNDLE_IDENTIFIER = com.evgeniMeleshin.ToDoListCS;
				PRODUCT_NAME = "$(TARGET_NAME)";
				SWIFT_EMIT_LOC_STRINGS = YES;
				SWIFT_VERSION = 5.0;
				TARGETED_DEVICE_FAMILY = "1,2";
			};
			name = Debug;
		};
		8563F4BA29A4E2C90006C378 /* Release */ = {
			isa = XCBuildConfiguration;
			buildSettings = {
				ASSETCATALOG_COMPILER_APPICON_NAME = AppIcon;
				ASSETCATALOG_COMPILER_GLOBAL_ACCENT_COLOR_NAME = AccentColor;
				CODE_SIGN_STYLE = Automatic;
				CURRENT_PROJECT_VERSION = 1;
				DEVELOPMENT_TEAM = G2VF2J7D53;
				GENERATE_INFOPLIST_FILE = YES;
				INFOPLIST_FILE = ToDoListCleanSwift/Info.plist;
				INFOPLIST_KEY_UIApplicationSupportsIndirectInputEvents = YES;
				INFOPLIST_KEY_UILaunchStoryboardName = LaunchScreen;
				INFOPLIST_KEY_UIMainStoryboardFile = Main;
				INFOPLIST_KEY_UISupportedInterfaceOrientations = "UIInterfaceOrientationPortrait UIInterfaceOrientationPortraitUpsideDown";
				INFOPLIST_KEY_UISupportedInterfaceOrientations_iPad = "UIInterfaceOrientationLandscapeLeft UIInterfaceOrientationLandscapeRight UIInterfaceOrientationPortrait UIInterfaceOrientationPortraitUpsideDown";
				IPHONEOS_DEPLOYMENT_TARGET = 15.2;
				LD_RUNPATH_SEARCH_PATHS = (
					"$(inherited)",
					"@executable_path/Frameworks",
				);
				MARKETING_VERSION = 1.0;
				PRODUCT_BUNDLE_IDENTIFIER = com.evgeniMeleshin.ToDoListCS;
				PRODUCT_NAME = "$(TARGET_NAME)";
				SWIFT_EMIT_LOC_STRINGS = YES;
				SWIFT_VERSION = 5.0;
				TARGETED_DEVICE_FAMILY = "1,2";
			};
			name = Release;
		};
/* End XCBuildConfiguration section */

/* Begin XCConfigurationList section */
		5E7E0F4D29C58DE100BD13F4 /* Build configuration list for PBXNativeTarget "ToDoListCleanSwiftTests" */ = {
			isa = XCConfigurationList;
			buildConfigurations = (
				5E7E0F4E29C58DE100BD13F4 /* Debug */,
				5E7E0F4F29C58DE100BD13F4 /* Release */,
			);
			defaultConfigurationIsVisible = 0;
			defaultConfigurationName = Release;
		};
		8563F49F29A4E2C80006C378 /* Build configuration list for PBXProject "ToDoListCleanSwift" */ = {
			isa = XCConfigurationList;
			buildConfigurations = (
				8563F4B629A4E2C90006C378 /* Debug */,
				8563F4B729A4E2C90006C378 /* Release */,
			);
			defaultConfigurationIsVisible = 0;
			defaultConfigurationName = Release;
		};
		8563F4B829A4E2C90006C378 /* Build configuration list for PBXNativeTarget "ToDoListCleanSwift" */ = {
			isa = XCConfigurationList;
			buildConfigurations = (
				8563F4B929A4E2C90006C378 /* Debug */,
				8563F4BA29A4E2C90006C378 /* Release */,
			);
			defaultConfigurationIsVisible = 0;
			defaultConfigurationName = Release;
		};
/* End XCConfigurationList section */

/* Begin XCSwiftPackageProductDependency section */
		85E0C12F29C4463100E8A29B /* ToDoListBusinessLogic */ = {
			isa = XCSwiftPackageProductDependency;
			productName = ToDoListBusinessLogic;
		};
/* End XCSwiftPackageProductDependency section */
	};
	rootObject = 8563F49C29A4E2C80006C378 /* Project object */;
}
